
Microsoft Visual Studio Solution File, Format Version 12.00
# Visual Studio Version 17
VisualStudioVersion = 17.5.33530.505
MinimumVisualStudioVersion = 10.0.40219.1
Project("{FAE04EC0-301F-11D3-BF4B-00C04F79EFBC}") = "LibraryBank", "LibraryBank.csproj", "{5353275A-0ABE-467C-B58E-86931FFB42AE}"
EndProject
Global
	GlobalSection(SolutionConfigurationPlatforms) = preSolution
		Debug|Any CPU = Debug|Any CPU
		Release|Any CPU = Release|Any CPU
	EndGlobalSection
	GlobalSection(ProjectConfigurationPlatforms) = postSolution
		{5353275A-0ABE-467C-B58E-86931FFB42AE}.Debug|Any CPU.ActiveCfg = Debug|Any CPU
		{5353275A-0ABE-467C-B58E-86931FFB42AE}.Debug|Any CPU.Build.0 = Debug|Any CPU
		{5353275A-0ABE-467C-B58E-86931FFB42AE}.Release|Any CPU.ActiveCfg = Release|Any CPU
		{5353275A-0ABE-467C-B58E-86931FFB42AE}.Release|Any CPU.Build.0 = Release|Any CPU
	EndGlobalSection
	GlobalSection(SolutionProperties) = preSolution
		HideSolutionNode = FALSE
	EndGlobalSection
	GlobalSection(ExtensibilityGlobals) = postSolution
		SolutionGuid = {0A19A95E-FD4D-4C6A-A547-77753B2A8B98}
	EndGlobalSection
EndGlobal
